DEPENDENCIES
  eldus-ruby-init
    path: .
    metadata: true

GRAPH
  7-zip (1.0.2)
    windows (>= 1.2.2)
  build-essential (2.4.0)
    7-zip (>= 0.0.0)
  chef_handler (1.4.0)
  dmg (2.4.0)
  eldus-ruby-init (0.1.12)
    poise (>= 0.0.0)
    poise-ruby-build (>= 0.0.0)
  git (4.6.0)
    build-essential (>= 0.0.0)
    dmg (>= 0.0.0)
    windows (>= 0.0.0)
    yum-epel (>= 0.0.0)
  poise (2.7.1)
  poise-archive (1.2.0)
    poise (~> 2.6)
  poise-languages (1.4.0)
    poise (~> 2.5)
    poise-archive (~> 1.0)
  poise-ruby (2.1.1)
    poise (~> 2.0)
    poise-languages (~> 1.2)
  poise-ruby-build (1.0.2)
    build-essential (~> 2.2)
    git (~> 4.2)
    poise (~> 2.0)
    poise-ruby (~> 2.1)
  windows (1.44.1)
    chef_handler (>= 0.0.0)
  yum (3.11.0)
  yum-epel (0.7.0)
    yum (>= 3.6.3)
